
Microsoft Visual Studio Solution File, Format Version 12.00
# Visual Studio Version 17
VisualStudioVersion = 17.7.34202.233
MinimumVisualStudioVersion = 10.0.40219.1
Project("{FAE04EC0-301F-11D3-BF4B-00C04F79EFBC}") = "Mocan_Karola_Lab2", "Mocan_Karola_Lab2.csproj", "{AD84BC7B-93DD-4BE3-AF8A-3563AD7E1922}"
EndProject
Global
	GlobalSection(SolutionConfigurationPlatforms) = preSolution
		Debug|Any CPU = Debug|Any CPU
		Release|Any CPU = Release|Any CPU
	EndGlobalSection
	GlobalSection(ProjectConfigurationPlatforms) = postSolution
		{AD84BC7B-93DD-4BE3-AF8A-3563AD7E1922}.Debug|Any CPU.ActiveCfg = Debug|Any CPU
		{AD84BC7B-93DD-4BE3-AF8A-3563AD7E1922}.Debug|Any CPU.Build.0 = Debug|Any CPU
		{AD84BC7B-93DD-4BE3-AF8A-3563AD7E1922}.Release|Any CPU.ActiveCfg = Release|Any CPU
		{AD84BC7B-93DD-4BE3-AF8A-3563AD7E1922}.Release|Any CPU.Build.0 = Release|Any CPU
	EndGlobalSection
	GlobalSection(SolutionProperties) = preSolution
		HideSolutionNode = FALSE
	EndGlobalSection
	GlobalSection(ExtensibilityGlobals) = postSolution
		SolutionGuid = {991A88B4-A8E8-4C09-8C92-A2BDADB23C0F}
	EndGlobalSection
EndGlobal
